
Microsoft Visual Studio Solution File, Format Version 12.00
# Visual Studio Version 16
VisualStudioVersion = 16.0.31702.278
MinimumVisualStudioVersion = 10.0.40219.1
Project("{FAE04EC0-301F-11D3-BF4B-00C04F79EFBC}") = "Siddhesh", "Siddhesh\Siddhesh.csproj", "{CC071205-5CF0-4AB1-BD39-C9279DE8351C}"
EndProject
Global
	GlobalSection(SolutionConfigurationPlatforms) = preSolution
		Debug|Any CPU = Debug|Any CPU
		Release|Any CPU = Release|Any CPU
	EndGlobalSection
	GlobalSection(ProjectConfigurationPlatforms) = postSolution
		{CC071205-5CF0-4AB1-BD39-C9279DE8351C}.Debug|Any CPU.ActiveCfg = Debug|Any CPU
		{CC071205-5CF0-4AB1-BD39-C9279DE8351C}.Debug|Any CPU.Build.0 = Debug|Any CPU
		{CC071205-5CF0-4AB1-BD39-C9279DE8351C}.Release|Any CPU.ActiveCfg = Release|Any CPU
		{CC071205-5CF0-4AB1-BD39-C9279DE8351C}.Release|Any CPU.Build.0 = Release|Any CPU
	EndGlobalSection
	GlobalSection(SolutionProperties) = preSolution
		HideSolutionNode = FALSE
	EndGlobalSection
	GlobalSection(ExtensibilityGlobals) = postSolution
		SolutionGuid = {3AD8AE51-3DF3-4D8F-810B-39CEB1F86F72}
	EndGlobalSection
EndGlobal
