
Microsoft Visual Studio Solution File, Format Version 12.00
# Visual Studio Version 16
VisualStudioVersion = 16.0.31702.278
MinimumVisualStudioVersion = 10.0.40219.1
Project("{FAE04EC0-301F-11D3-BF4B-00C04F79EFBC}") = "OverLoadingApp", "OverLoadingApp\OverLoadingApp.csproj", "{5E4B0D41-6C28-4882-8DAD-50087255DB6C}"
EndProject
Global
	GlobalSection(SolutionConfigurationPlatforms) = preSolution
		Debug|Any CPU = Debug|Any CPU
		Release|Any CPU = Release|Any CPU
	EndGlobalSection
	GlobalSection(ProjectConfigurationPlatforms) = postSolution
		{5E4B0D41-6C28-4882-8DAD-50087255DB6C}.Debug|Any CPU.ActiveCfg = Debug|Any CPU
		{5E4B0D41-6C28-4882-8DAD-50087255DB6C}.Debug|Any CPU.Build.0 = Debug|Any CPU
		{5E4B0D41-6C28-4882-8DAD-50087255DB6C}.Release|Any CPU.ActiveCfg = Release|Any CPU
		{5E4B0D41-6C28-4882-8DAD-50087255DB6C}.Release|Any CPU.Build.0 = Release|Any CPU
	EndGlobalSection
	GlobalSection(SolutionProperties) = preSolution
		HideSolutionNode = FALSE
	EndGlobalSection
	GlobalSection(ExtensibilityGlobals) = postSolution
		SolutionGuid = {76EAB31A-776D-41F0-9024-AAEA7B5D52E9}
	EndGlobalSection
EndGlobal
