
Microsoft Visual Studio Solution File, Format Version 12.00
# Visual Studio Version 16
VisualStudioVersion = 16.0.31702.278
MinimumVisualStudioVersion = 10.0.40219.1
Project("{FAE04EC0-301F-11D3-BF4B-00C04F79EFBC}") = "SimpleFactoryLib", "SimpleFactoryLib\SimpleFactoryLib.csproj", "{8A17D171-93E2-48A9-80C5-32D5F2483266}"
EndProject
Project("{FAE04EC0-301F-11D3-BF4B-00C04F79EFBC}") = "SimpleFactoryClientApp", "SimpleFactoryClientApp\SimpleFactoryClientApp.csproj", "{525BDB84-B4C0-41BB-B800-26B28B19B906}"
EndProject
Global
	GlobalSection(SolutionConfigurationPlatforms) = preSolution
		Debug|Any CPU = Debug|Any CPU
		Release|Any CPU = Release|Any CPU
	EndGlobalSection
	GlobalSection(ProjectConfigurationPlatforms) = postSolution
		{8A17D171-93E2-48A9-80C5-32D5F2483266}.Debug|Any CPU.ActiveCfg = Debug|Any CPU
		{8A17D171-93E2-48A9-80C5-32D5F2483266}.Debug|Any CPU.Build.0 = Debug|Any CPU
		{8A17D171-93E2-48A9-80C5-32D5F2483266}.Release|Any CPU.ActiveCfg = Release|Any CPU
		{8A17D171-93E2-48A9-80C5-32D5F2483266}.Release|Any CPU.Build.0 = Release|Any CPU
		{525BDB84-B4C0-41BB-B800-26B28B19B906}.Debug|Any CPU.ActiveCfg = Debug|Any CPU
		{525BDB84-B4C0-41BB-B800-26B28B19B906}.Debug|Any CPU.Build.0 = Debug|Any CPU
		{525BDB84-B4C0-41BB-B800-26B28B19B906}.Release|Any CPU.ActiveCfg = Release|Any CPU
		{525BDB84-B4C0-41BB-B800-26B28B19B906}.Release|Any CPU.Build.0 = Release|Any CPU
	EndGlobalSection
	GlobalSection(SolutionProperties) = preSolution
		HideSolutionNode = FALSE
	EndGlobalSection
	GlobalSection(ExtensibilityGlobals) = postSolution
		SolutionGuid = {4D7387CD-38A6-417A-8F8A-5F67F6918ED0}
	EndGlobalSection
EndGlobal
