
Microsoft Visual Studio Solution File, Format Version 12.00
# Visual Studio Version 16
VisualStudioVersion = 16.0.31702.278
MinimumVisualStudioVersion = 10.0.40219.1
Project("{FAE04EC0-301F-11D3-BF4B-00C04F79EFBC}") = "FactoryMethodLib", "FactoryMethodLib\FactoryMethodLib.csproj", "{767EF3D6-BD29-4654-89C9-F58251434334}"
EndProject
Project("{FAE04EC0-301F-11D3-BF4B-00C04F79EFBC}") = "FactoryMethodClientApp", "FactoryMethodClientApp.\FactoryMethodClientApp.csproj", "{ACB69AA1-0DAC-4429-BCA5-9D8FF0C98FA9}"
EndProject
Global
	GlobalSection(SolutionConfigurationPlatforms) = preSolution
		Debug|Any CPU = Debug|Any CPU
		Release|Any CPU = Release|Any CPU
	EndGlobalSection
	GlobalSection(ProjectConfigurationPlatforms) = postSolution
		{767EF3D6-BD29-4654-89C9-F58251434334}.Debug|Any CPU.ActiveCfg = Debug|Any CPU
		{767EF3D6-BD29-4654-89C9-F58251434334}.Debug|Any CPU.Build.0 = Debug|Any CPU
		{767EF3D6-BD29-4654-89C9-F58251434334}.Release|Any CPU.ActiveCfg = Release|Any CPU
		{767EF3D6-BD29-4654-89C9-F58251434334}.Release|Any CPU.Build.0 = Release|Any CPU
		{ACB69AA1-0DAC-4429-BCA5-9D8FF0C98FA9}.Debug|Any CPU.ActiveCfg = Debug|Any CPU
		{ACB69AA1-0DAC-4429-BCA5-9D8FF0C98FA9}.Debug|Any CPU.Build.0 = Debug|Any CPU
		{ACB69AA1-0DAC-4429-BCA5-9D8FF0C98FA9}.Release|Any CPU.ActiveCfg = Release|Any CPU
		{ACB69AA1-0DAC-4429-BCA5-9D8FF0C98FA9}.Release|Any CPU.Build.0 = Release|Any CPU
	EndGlobalSection
	GlobalSection(SolutionProperties) = preSolution
		HideSolutionNode = FALSE
	EndGlobalSection
	GlobalSection(ExtensibilityGlobals) = postSolution
		SolutionGuid = {6D0949A7-030D-4DFA-A7B6-6B721AC48030}
	EndGlobalSection
EndGlobal
