
Microsoft Visual Studio Solution File, Format Version 12.00
# Visual Studio Version 16
VisualStudioVersion = 16.0.31702.278
MinimumVisualStudioVersion = 10.0.40219.1
Project("{FAE04EC0-301F-11D3-BF4B-00C04F79EFBC}") = "AccountEncapsulationApp", "AccountEncapsulationApp\AccountEncapsulationApp.csproj", "{AB1F0FA4-0969-4C36-A8E4-CECD96A5CC91}"
EndProject
Global
	GlobalSection(SolutionConfigurationPlatforms) = preSolution
		Debug|Any CPU = Debug|Any CPU
		Release|Any CPU = Release|Any CPU
	EndGlobalSection
	GlobalSection(ProjectConfigurationPlatforms) = postSolution
		{AB1F0FA4-0969-4C36-A8E4-CECD96A5CC91}.Debug|Any CPU.ActiveCfg = Debug|Any CPU
		{AB1F0FA4-0969-4C36-A8E4-CECD96A5CC91}.Debug|Any CPU.Build.0 = Debug|Any CPU
		{AB1F0FA4-0969-4C36-A8E4-CECD96A5CC91}.Release|Any CPU.ActiveCfg = Release|Any CPU
		{AB1F0FA4-0969-4C36-A8E4-CECD96A5CC91}.Release|Any CPU.Build.0 = Release|Any CPU
	EndGlobalSection
	GlobalSection(SolutionProperties) = preSolution
		HideSolutionNode = FALSE
	EndGlobalSection
	GlobalSection(ExtensibilityGlobals) = postSolution
		SolutionGuid = {0A01A12F-CD9A-43EF-B927-7A3277BC7C9B}
	EndGlobalSection
EndGlobal
