
Microsoft Visual Studio Solution File, Format Version 12.00
# Visual Studio Version 16
VisualStudioVersion = 16.0.31702.278
MinimumVisualStudioVersion = 10.0.40219.1
Project("{FAE04EC0-301F-11D3-BF4B-00C04F79EFBC}") = "CrudOfListApp", "CrudOfListApp\CrudOfListApp.csproj", "{772E2F5D-BA2F-482C-902A-9DE795EE9EF8}"
EndProject
Global
	GlobalSection(SolutionConfigurationPlatforms) = preSolution
		Debug|Any CPU = Debug|Any CPU
		Release|Any CPU = Release|Any CPU
	EndGlobalSection
	GlobalSection(ProjectConfigurationPlatforms) = postSolution
		{772E2F5D-BA2F-482C-902A-9DE795EE9EF8}.Debug|Any CPU.ActiveCfg = Debug|Any CPU
		{772E2F5D-BA2F-482C-902A-9DE795EE9EF8}.Debug|Any CPU.Build.0 = Debug|Any CPU
		{772E2F5D-BA2F-482C-902A-9DE795EE9EF8}.Release|Any CPU.ActiveCfg = Release|Any CPU
		{772E2F5D-BA2F-482C-902A-9DE795EE9EF8}.Release|Any CPU.Build.0 = Release|Any CPU
	EndGlobalSection
	GlobalSection(SolutionProperties) = preSolution
		HideSolutionNode = FALSE
	EndGlobalSection
	GlobalSection(ExtensibilityGlobals) = postSolution
		SolutionGuid = {81E3FF05-C68B-447C-A6A1-60A888D0EC03}
	EndGlobalSection
EndGlobal
