
Microsoft Visual Studio Solution File, Format Version 12.00
# Visual Studio Version 16
VisualStudioVersion = 16.0.31702.278
MinimumVisualStudioVersion = 10.0.40219.1
Project("{FAE04EC0-301F-11D3-BF4B-00C04F79EFBC}") = "ConsoleShoppingCartApp", "ConsoleShoppingCartApp\ConsoleShoppingCartApp.csproj", "{7D604E74-7C34-4877-A86B-C6EB8A206D70}"
EndProject
Global
	GlobalSection(SolutionConfigurationPlatforms) = preSolution
		Debug|Any CPU = Debug|Any CPU
		Release|Any CPU = Release|Any CPU
	EndGlobalSection
	GlobalSection(ProjectConfigurationPlatforms) = postSolution
		{7D604E74-7C34-4877-A86B-C6EB8A206D70}.Debug|Any CPU.ActiveCfg = Debug|Any CPU
		{7D604E74-7C34-4877-A86B-C6EB8A206D70}.Debug|Any CPU.Build.0 = Debug|Any CPU
		{7D604E74-7C34-4877-A86B-C6EB8A206D70}.Release|Any CPU.ActiveCfg = Release|Any CPU
		{7D604E74-7C34-4877-A86B-C6EB8A206D70}.Release|Any CPU.Build.0 = Release|Any CPU
	EndGlobalSection
	GlobalSection(SolutionProperties) = preSolution
		HideSolutionNode = FALSE
	EndGlobalSection
	GlobalSection(ExtensibilityGlobals) = postSolution
		SolutionGuid = {17DE8055-827E-4735-9810-266632FAC1C9}
	EndGlobalSection
EndGlobal
