
Microsoft Visual Studio Solution File, Format Version 12.00
# Visual Studio Version 16
VisualStudioVersion = 16.0.31702.278
MinimumVisualStudioVersion = 10.0.40219.1
Project("{FAE04EC0-301F-11D3-BF4B-00C04F79EFBC}") = "Numberguesser", "Numberguesser\Numberguesser.csproj", "{2CD790AC-85E0-4F0F-9810-559E1CB019E8}"
EndProject
Global
	GlobalSection(SolutionConfigurationPlatforms) = preSolution
		Debug|Any CPU = Debug|Any CPU
		Release|Any CPU = Release|Any CPU
	EndGlobalSection
	GlobalSection(ProjectConfigurationPlatforms) = postSolution
		{2CD790AC-85E0-4F0F-9810-559E1CB019E8}.Debug|Any CPU.ActiveCfg = Debug|Any CPU
		{2CD790AC-85E0-4F0F-9810-559E1CB019E8}.Debug|Any CPU.Build.0 = Debug|Any CPU
		{2CD790AC-85E0-4F0F-9810-559E1CB019E8}.Release|Any CPU.ActiveCfg = Release|Any CPU
		{2CD790AC-85E0-4F0F-9810-559E1CB019E8}.Release|Any CPU.Build.0 = Release|Any CPU
	EndGlobalSection
	GlobalSection(SolutionProperties) = preSolution
		HideSolutionNode = FALSE
	EndGlobalSection
	GlobalSection(ExtensibilityGlobals) = postSolution
		SolutionGuid = {2C2EB8C3-7EC2-4DC4-B939-3370CF83AAC2}
	EndGlobalSection
EndGlobal
