
Microsoft Visual Studio Solution File, Format Version 12.00
# Visual Studio Version 16
VisualStudioVersion = 16.0.31702.278
MinimumVisualStudioVersion = 10.0.40219.1
Project("{FAE04EC0-301F-11D3-BF4B-00C04F79EFBC}") = "CustomLinkListApp", "CustomLinkListApp\CustomLinkListApp.csproj", "{9F650C06-A8CC-45E3-A301-D56A61642A70}"
EndProject
Global
	GlobalSection(SolutionConfigurationPlatforms) = preSolution
		Debug|Any CPU = Debug|Any CPU
		Release|Any CPU = Release|Any CPU
	EndGlobalSection
	GlobalSection(ProjectConfigurationPlatforms) = postSolution
		{9F650C06-A8CC-45E3-A301-D56A61642A70}.Debug|Any CPU.ActiveCfg = Debug|Any CPU
		{9F650C06-A8CC-45E3-A301-D56A61642A70}.Debug|Any CPU.Build.0 = Debug|Any CPU
		{9F650C06-A8CC-45E3-A301-D56A61642A70}.Release|Any CPU.ActiveCfg = Release|Any CPU
		{9F650C06-A8CC-45E3-A301-D56A61642A70}.Release|Any CPU.Build.0 = Release|Any CPU
	EndGlobalSection
	GlobalSection(SolutionProperties) = preSolution
		HideSolutionNode = FALSE
	EndGlobalSection
	GlobalSection(ExtensibilityGlobals) = postSolution
		SolutionGuid = {97215970-9080-45EB-8672-3797E0DA7209}
	EndGlobalSection
EndGlobal
