
Microsoft Visual Studio Solution File, Format Version 12.00
# Visual Studio Version 16
VisualStudioVersion = 16.0.31702.278
MinimumVisualStudioVersion = 10.0.40219.1
Project("{FAE04EC0-301F-11D3-BF4B-00C04F79EFBC}") = "GenericQueueApp", "GenericQueueApp\GenericQueueApp.csproj", "{39A6DA4C-CD5B-47AD-B223-D74A1D199B36}"
EndProject
Global
	GlobalSection(SolutionConfigurationPlatforms) = preSolution
		Debug|Any CPU = Debug|Any CPU
		Release|Any CPU = Release|Any CPU
	EndGlobalSection
	GlobalSection(ProjectConfigurationPlatforms) = postSolution
		{39A6DA4C-CD5B-47AD-B223-D74A1D199B36}.Debug|Any CPU.ActiveCfg = Debug|Any CPU
		{39A6DA4C-CD5B-47AD-B223-D74A1D199B36}.Debug|Any CPU.Build.0 = Debug|Any CPU
		{39A6DA4C-CD5B-47AD-B223-D74A1D199B36}.Release|Any CPU.ActiveCfg = Release|Any CPU
		{39A6DA4C-CD5B-47AD-B223-D74A1D199B36}.Release|Any CPU.Build.0 = Release|Any CPU
	EndGlobalSection
	GlobalSection(SolutionProperties) = preSolution
		HideSolutionNode = FALSE
	EndGlobalSection
	GlobalSection(ExtensibilityGlobals) = postSolution
		SolutionGuid = {30B446E8-A4A8-4E78-B571-48F41198A692}
	EndGlobalSection
EndGlobal
