
Microsoft Visual Studio Solution File, Format Version 12.00
# Visual Studio Version 16
VisualStudioVersion = 16.0.31702.278
MinimumVisualStudioVersion = 10.0.40219.1
Project("{FAE04EC0-301F-11D3-BF4B-00C04F79EFBC}") = "RectangleEnumApp", "RectangleEnumApp\RectangleEnumApp.csproj", "{F884BE33-2F9D-496E-8145-6ACA31F2E504}"
EndProject
Global
	GlobalSection(SolutionConfigurationPlatforms) = preSolution
		Debug|Any CPU = Debug|Any CPU
		Release|Any CPU = Release|Any CPU
	EndGlobalSection
	GlobalSection(ProjectConfigurationPlatforms) = postSolution
		{F884BE33-2F9D-496E-8145-6ACA31F2E504}.Debug|Any CPU.ActiveCfg = Debug|Any CPU
		{F884BE33-2F9D-496E-8145-6ACA31F2E504}.Debug|Any CPU.Build.0 = Debug|Any CPU
		{F884BE33-2F9D-496E-8145-6ACA31F2E504}.Release|Any CPU.ActiveCfg = Release|Any CPU
		{F884BE33-2F9D-496E-8145-6ACA31F2E504}.Release|Any CPU.Build.0 = Release|Any CPU
	EndGlobalSection
	GlobalSection(SolutionProperties) = preSolution
		HideSolutionNode = FALSE
	EndGlobalSection
	GlobalSection(ExtensibilityGlobals) = postSolution
		SolutionGuid = {B770AA26-44BB-4B54-9419-752EA08C062F}
	EndGlobalSection
EndGlobal
