
Microsoft Visual Studio Solution File, Format Version 12.00
# Visual Studio Version 16
VisualStudioVersion = 16.0.31702.278
MinimumVisualStudioVersion = 10.0.40219.1
Project("{FAE04EC0-301F-11D3-BF4B-00C04F79EFBC}") = "RicksGuitarApp", "RicksGuitarApp\RicksGuitarApp.csproj", "{32E23A52-62C4-41DD-81AD-968DB3BE19ED}"
EndProject
Global
	GlobalSection(SolutionConfigurationPlatforms) = preSolution
		Debug|Any CPU = Debug|Any CPU
		Release|Any CPU = Release|Any CPU
	EndGlobalSection
	GlobalSection(ProjectConfigurationPlatforms) = postSolution
		{32E23A52-62C4-41DD-81AD-968DB3BE19ED}.Debug|Any CPU.ActiveCfg = Debug|Any CPU
		{32E23A52-62C4-41DD-81AD-968DB3BE19ED}.Debug|Any CPU.Build.0 = Debug|Any CPU
		{32E23A52-62C4-41DD-81AD-968DB3BE19ED}.Release|Any CPU.ActiveCfg = Release|Any CPU
		{32E23A52-62C4-41DD-81AD-968DB3BE19ED}.Release|Any CPU.Build.0 = Release|Any CPU
	EndGlobalSection
	GlobalSection(SolutionProperties) = preSolution
		HideSolutionNode = FALSE
	EndGlobalSection
	GlobalSection(ExtensibilityGlobals) = postSolution
		SolutionGuid = {1964FA19-AFB5-4E7C-8C20-1BF42ECD114C}
	EndGlobalSection
EndGlobal
