
Microsoft Visual Studio Solution File, Format Version 12.00
# Visual Studio Version 16
VisualStudioVersion = 16.0.31702.278
MinimumVisualStudioVersion = 10.0.40219.1
Project("{FAE04EC0-301F-11D3-BF4B-00C04F79EFBC}") = "AccountToStringEqualityApp", "AccountToStringEqualityApp\AccountToStringEqualityApp.csproj", "{AD57BD7B-403F-4B5B-9AE1-420CC5748CD7}"
EndProject
Global
	GlobalSection(SolutionConfigurationPlatforms) = preSolution
		Debug|Any CPU = Debug|Any CPU
		Release|Any CPU = Release|Any CPU
	EndGlobalSection
	GlobalSection(ProjectConfigurationPlatforms) = postSolution
		{AD57BD7B-403F-4B5B-9AE1-420CC5748CD7}.Debug|Any CPU.ActiveCfg = Debug|Any CPU
		{AD57BD7B-403F-4B5B-9AE1-420CC5748CD7}.Debug|Any CPU.Build.0 = Debug|Any CPU
		{AD57BD7B-403F-4B5B-9AE1-420CC5748CD7}.Release|Any CPU.ActiveCfg = Release|Any CPU
		{AD57BD7B-403F-4B5B-9AE1-420CC5748CD7}.Release|Any CPU.Build.0 = Release|Any CPU
	EndGlobalSection
	GlobalSection(SolutionProperties) = preSolution
		HideSolutionNode = FALSE
	EndGlobalSection
	GlobalSection(ExtensibilityGlobals) = postSolution
		SolutionGuid = {B2730175-9B4A-4045-8C9E-3C60760D16E5}
	EndGlobalSection
EndGlobal
