
Microsoft Visual Studio Solution File, Format Version 12.00
# Visual Studio Version 16
VisualStudioVersion = 16.0.31702.278
MinimumVisualStudioVersion = 10.0.40219.1
Project("{FAE04EC0-301F-11D3-BF4B-00C04F79EFBC}") = "ExceptionGenerationApp", "ExceptionGenerationApp\ExceptionGenerationApp.csproj", "{518190C7-7AFB-4915-B39C-3AEB8F38ECD0}"
EndProject
Global
	GlobalSection(SolutionConfigurationPlatforms) = preSolution
		Debug|Any CPU = Debug|Any CPU
		Release|Any CPU = Release|Any CPU
	EndGlobalSection
	GlobalSection(ProjectConfigurationPlatforms) = postSolution
		{518190C7-7AFB-4915-B39C-3AEB8F38ECD0}.Debug|Any CPU.ActiveCfg = Debug|Any CPU
		{518190C7-7AFB-4915-B39C-3AEB8F38ECD0}.Debug|Any CPU.Build.0 = Debug|Any CPU
		{518190C7-7AFB-4915-B39C-3AEB8F38ECD0}.Release|Any CPU.ActiveCfg = Release|Any CPU
		{518190C7-7AFB-4915-B39C-3AEB8F38ECD0}.Release|Any CPU.Build.0 = Release|Any CPU
	EndGlobalSection
	GlobalSection(SolutionProperties) = preSolution
		HideSolutionNode = FALSE
	EndGlobalSection
	GlobalSection(ExtensibilityGlobals) = postSolution
		SolutionGuid = {4AF2B4BB-CFB7-4AF3-BC18-3F80459EE5F2}
	EndGlobalSection
EndGlobal
