
Microsoft Visual Studio Solution File, Format Version 12.00
# Visual Studio Version 16
VisualStudioVersion = 16.0.31702.278
MinimumVisualStudioVersion = 10.0.40219.1
Project("{FAE04EC0-301F-11D3-BF4B-00C04F79EFBC}") = "ShoppingCartClientApp", "ShoppingCartClientApp\ShoppingCartClientApp.csproj", "{DDC11CAE-4907-4BA6-A75B-740AB6C1BD56}"
EndProject
Project("{FAE04EC0-301F-11D3-BF4B-00C04F79EFBC}") = "FancyItemsExternalLib", "FancyItemsExternalLib\FancyItemsExternalLib.csproj", "{26CF5BA7-79F6-4D04-BC50-BE25BFA14261}"
EndProject
Global
	GlobalSection(SolutionConfigurationPlatforms) = preSolution
		Debug|Any CPU = Debug|Any CPU
		Release|Any CPU = Release|Any CPU
	EndGlobalSection
	GlobalSection(ProjectConfigurationPlatforms) = postSolution
		{DDC11CAE-4907-4BA6-A75B-740AB6C1BD56}.Debug|Any CPU.ActiveCfg = Debug|Any CPU
		{DDC11CAE-4907-4BA6-A75B-740AB6C1BD56}.Debug|Any CPU.Build.0 = Debug|Any CPU
		{DDC11CAE-4907-4BA6-A75B-740AB6C1BD56}.Release|Any CPU.ActiveCfg = Release|Any CPU
		{DDC11CAE-4907-4BA6-A75B-740AB6C1BD56}.Release|Any CPU.Build.0 = Release|Any CPU
		{26CF5BA7-79F6-4D04-BC50-BE25BFA14261}.Debug|Any CPU.ActiveCfg = Debug|Any CPU
		{26CF5BA7-79F6-4D04-BC50-BE25BFA14261}.Debug|Any CPU.Build.0 = Debug|Any CPU
		{26CF5BA7-79F6-4D04-BC50-BE25BFA14261}.Release|Any CPU.ActiveCfg = Release|Any CPU
		{26CF5BA7-79F6-4D04-BC50-BE25BFA14261}.Release|Any CPU.Build.0 = Release|Any CPU
	EndGlobalSection
	GlobalSection(SolutionProperties) = preSolution
		HideSolutionNode = FALSE
	EndGlobalSection
	GlobalSection(ExtensibilityGlobals) = postSolution
		SolutionGuid = {3C3BBBE1-F29A-49F1-9481-1863623C62A8}
	EndGlobalSection
EndGlobal
