
Microsoft Visual Studio Solution File, Format Version 12.00
# Visual Studio Version 16
VisualStudioVersion = 16.0.31702.278
MinimumVisualStudioVersion = 10.0.40219.1
Project("{FAE04EC0-301F-11D3-BF4B-00C04F79EFBC}") = "IteratorPatternApp", "IteratorPatternApp\IteratorPatternApp.csproj", "{FD7300DC-97D9-4455-9CCA-44BBC8DBACEF}"
EndProject
Global
	GlobalSection(SolutionConfigurationPlatforms) = preSolution
		Debug|Any CPU = Debug|Any CPU
		Release|Any CPU = Release|Any CPU
	EndGlobalSection
	GlobalSection(ProjectConfigurationPlatforms) = postSolution
		{FD7300DC-97D9-4455-9CCA-44BBC8DBACEF}.Debug|Any CPU.ActiveCfg = Debug|Any CPU
		{FD7300DC-97D9-4455-9CCA-44BBC8DBACEF}.Debug|Any CPU.Build.0 = Debug|Any CPU
		{FD7300DC-97D9-4455-9CCA-44BBC8DBACEF}.Release|Any CPU.ActiveCfg = Release|Any CPU
		{FD7300DC-97D9-4455-9CCA-44BBC8DBACEF}.Release|Any CPU.Build.0 = Release|Any CPU
	EndGlobalSection
	GlobalSection(SolutionProperties) = preSolution
		HideSolutionNode = FALSE
	EndGlobalSection
	GlobalSection(ExtensibilityGlobals) = postSolution
		SolutionGuid = {8B9C4473-7205-46AE-B822-176CCBFF1C7C}
	EndGlobalSection
EndGlobal
